{
  "lockfile-version": 1,
  "manifest": {
    "version": 1,
    "install": {
      "gh": {
        "pkg-path": "gh"
      },
      "jujutsu": {
        "pkg-path": "jujutsu"
      },
      "python3": {
        "pkg-path": "python3",
        "version": ">=3.9"
      }
    },
    "hook": {
      "on-activate": "  # Autogenerated by Flox\n\n  # Setup a Python virtual environment\n\n  export PYTHON_DIR=\"$FLOX_ENV_CACHE/python\"\n  if [ ! -d \"$PYTHON_DIR\" ]; then\n    echo \"Creating python virtual environment in $PYTHON_DIR\"\n    python -m venv \"$PYTHON_DIR\"\n  fi\n\n  # Quietly activate venv and install packages in a subshell so\n  # that the venv can be freshly activated in the profile section.\n  (\n    source \"$PYTHON_DIR/bin/activate\"\n    # install the dependencies for this project based on pyproject.toml\n    # <https://pip.pypa.io/en/stable/cli/pip_install/>\n    pip install -e . --quiet\n  )\n\n  # End autogenerated by Flox\n"
    },
    "profile": {
      "bash": "  # Autogenerated by Flox\n\n  echo \"Activating python virtual environment\" >&2\n  source \"$PYTHON_DIR/bin/activate\"\n\n  # End autogenerated by Flox\n",
      "zsh": "  # Autogenerated by Flox\n\n  echo \"Activating python virtual environment\" >&2\n  source \"$PYTHON_DIR/bin/activate\"\n\n  # End autogenerated by Flox\n",
      "fish": "  # Autogenerated by Flox\n\n  echo \"Activating python virtual environment\" >&2\n  source \"$PYTHON_DIR/bin/activate.fish\"\n\n  # End autogenerated by Flox\n",
      "tcsh": "  # Autogenerated by Flox\n\n  echo \"Activating python virtual environment\" >&2\n  source \"$PYTHON_DIR/bin/activate.csh\"\n\n  # End autogenerated by Flox\n"
    },
    "options": {}
  },
  "packages": [
    {
      "attr_path": "gh",
      "broken": false,
      "derivation": "/nix/store/8a3nidwpvc9n1bjva4dmw7i7mjj8fky7-gh-2.86.0.drv",
      "description": "GitHub CLI tool",
      "install_id": "gh",
      "license": "MIT",
      "locked_url": "https://github.com/flox/nixpkgs?rev=bfc1b8a4574108ceef22f02bafcf6611380c100d",
      "name": "gh-2.86.0",
      "pname": "gh",
      "rev": "bfc1b8a4574108ceef22f02bafcf6611380c100d",
      "rev_count": 935279,
      "rev_date": "2026-01-26T21:10:04Z",
      "scrape_date": "2026-01-29T04:35:23.946616Z",
      "stabilities": [
        "unstable"
      ],
      "unfree": false,
      "version": "2.86.0",
      "outputs_to_install": [
        "out"
      ],
      "outputs": {
        "out": "/nix/store/y207r5sjcd81gfnsxxssgiiiwl6mcg6f-gh-2.86.0"
      },
      "system": "aarch64-darwin",
      "group": "toplevel",
      "priority": 5
    },
    {
      "attr_path": "gh",
      "broken": false,
      "derivation": "/nix/store/i2nsxinz9xpj7646ladcp57lxl69jj6w-gh-2.86.0.drv",
      "description": "GitHub CLI tool",
      "install_id": "gh",
      "license": "MIT",
      "locked_url": "https://github.com/flox/nixpkgs?rev=bfc1b8a4574108ceef22f02bafcf6611380c100d",
      "name": "gh-2.86.0",
      "pname": "gh",
      "rev": "bfc1b8a4574108ceef22f02bafcf6611380c100d",
      "rev_count": 935279,
      "rev_date": "2026-01-26T21:10:04Z",
      "scrape_date": "2026-01-29T05:05:11.697801Z",
      "stabilities": [
        "unstable"
      ],
      "unfree": false,
      "version": "2.86.0",
      "outputs_to_install": [
        "out"
      ],
      "outputs": {
        "out": "/nix/store/zx4plaf0z1yv06wdhxxhpbm7kmslm2r8-gh-2.86.0"
      },
      "system": "aarch64-linux",
      "group": "toplevel",
      "priority": 5
    },
    {
      "attr_path": "gh",
      "broken": false,
      "derivation": "/nix/store/5gs8iqvhi8qpfnkigm3nibrzajsiggzr-gh-2.86.0.drv",
      "description": "GitHub CLI tool",
      "install_id": "gh",
      "license": "MIT",
      "locked_url": "https://github.com/flox/nixpkgs?rev=bfc1b8a4574108ceef22f02bafcf6611380c100d",
      "name": "gh-2.86.0",
      "pname": "gh",
      "rev": "bfc1b8a4574108ceef22f02bafcf6611380c100d",
      "rev_count": 935279,
      "rev_date": "2026-01-26T21:10:04Z",
      "scrape_date": "2026-01-29T05:33:08.735018Z",
      "stabilities": [
        "unstable"
      ],
      "unfree": false,
      "version": "2.86.0",
      "outputs_to_install": [
        "out"
      ],
      "outputs": {
        "out": "/nix/store/vhpac8ld4xkaa13bsrbwnyrmlcxsg57q-gh-2.86.0"
      },
      "system": "x86_64-darwin",
      "group": "toplevel",
      "priority": 5
    },
    {
      "attr_path": "gh",
      "broken": false,
      "derivation": "/nix/store/vnv704j0yfg1lg30jrbf0hdnzpkygvv5-gh-2.86.0.drv",
      "description": "GitHub CLI tool",
      "install_id": "gh",
      "license": "MIT",
      "locked_url": "https://github.com/flox/nixpkgs?rev=bfc1b8a4574108ceef22f02bafcf6611380c100d",
      "name": "gh-2.86.0",
      "pname": "gh",
      "rev": "bfc1b8a4574108ceef22f02bafcf6611380c100d",
      "rev_count": 935279,
      "rev_date": "2026-01-26T21:10:04Z",
      "scrape_date": "2026-01-29T06:06:22.819184Z",
      "stabilities": [
        "unstable"
      ],
      "unfree": false,
      "version": "2.86.0",
      "outputs_to_install": [
        "out"
      ],
      "outputs": {
        "out": "/nix/store/xf3rb2kmk19092b1pf50ag0fsj2f6hpa-gh-2.86.0"
      },
      "system": "x86_64-linux",
      "group": "toplevel",
      "priority": 5
    },
    {
      "attr_path": "jujutsu",
      "broken": false,
      "derivation": "/nix/store/wzan5i00fnnvp2n67wiidsinr3m6654h-jujutsu-0.37.0.drv",
      "description": "Git-compatible DVCS that is both simple and powerful",
      "install_id": "jujutsu",
      "license": "Apache-2.0",
      "locked_url": "https://github.com/flox/nixpkgs?rev=bfc1b8a4574108ceef22f02bafcf6611380c100d",
      "name": "jujutsu-0.37.0",
      "pname": "jujutsu",
      "rev": "bfc1b8a4574108ceef22f02bafcf6611380c100d",
      "rev_count": 935279,
      "rev_date": "2026-01-26T21:10:04Z",
      "scrape_date": "2026-01-29T04:35:39.542169Z",
      "stabilities": [
        "unstable"
      ],
      "unfree": false,
      "version": "0.37.0",
      "outputs_to_install": [
        "out"
      ],
      "outputs": {
        "out": "/nix/store/mwpb9h57y28ix4czjfjki836yxp6f56c-jujutsu-0.37.0"
      },
      "system": "aarch64-darwin",
      "group": "toplevel",
      "priority": 5
    },
    {
      "attr_path": "jujutsu",
      "broken": false,
      "derivation": "/nix/store/54n0v2cz965sn17nmlqk9i5avd0jr608-jujutsu-0.37.0.drv",
      "description": "Git-compatible DVCS that is both simple and powerful",
      "install_id": "jujutsu",
      "license": "Apache-2.0",
      "locked_url": "https://github.com/flox/nixpkgs?rev=bfc1b8a4574108ceef22f02bafcf6611380c100d",
      "name": "jujutsu-0.37.0",
      "pname": "jujutsu",
      "rev": "bfc1b8a4574108ceef22f02bafcf6611380c100d",
      "rev_count": 935279,
      "rev_date": "2026-01-26T21:10:04Z",
      "scrape_date": "2026-01-29T05:05:30.475033Z",
      "stabilities": [
        "unstable"
      ],
      "unfree": false,
      "version": "0.37.0",
      "outputs_to_install": [
        "out"
      ],
      "outputs": {
        "out": "/nix/store/phjzzhl4b3mkk32g97id6i540rvi4ckb-jujutsu-0.37.0"
      },
      "system": "aarch64-linux",
      "group": "toplevel",
      "priority": 5
    },
    {
      "attr_path": "jujutsu",
      "broken": false,
      "derivation": "/nix/store/ardx1pxvq47pn8yrp2z5rp9zcf7vbyr3-jujutsu-0.37.0.drv",
      "description": "Git-compatible DVCS that is both simple and powerful",
      "install_id": "jujutsu",
      "license": "Apache-2.0",
      "locked_url": "https://github.com/flox/nixpkgs?rev=bfc1b8a4574108ceef22f02bafcf6611380c100d",
      "name": "jujutsu-0.37.0",
      "pname": "jujutsu",
      "rev": "bfc1b8a4574108ceef22f02bafcf6611380c100d",
      "rev_count": 935279,
      "rev_date": "2026-01-26T21:10:04Z",
      "scrape_date": "2026-01-29T05:33:23.778313Z",
      "stabilities": [
        "unstable"
      ],
      "unfree": false,
      "version": "0.37.0",
      "outputs_to_install": [
        "out"
      ],
      "outputs": {
        "out": "/nix/store/5bqarrn4l46qrmifw1pf03l7cb67mkyr-jujutsu-0.37.0"
      },
      "system": "x86_64-darwin",
      "group": "toplevel",
      "priority": 5
    },
    {
      "attr_path": "jujutsu",
      "broken": false,
      "derivation": "/nix/store/rsjidjwd51w4wl40cnv878paihxr277l-jujutsu-0.37.0.drv",
      "description": "Git-compatible DVCS that is both simple and powerful",
      "install_id": "jujutsu",
      "license": "Apache-2.0",
      "locked_url": "https://github.com/flox/nixpkgs?rev=bfc1b8a4574108ceef22f02bafcf6611380c100d",
      "name": "jujutsu-0.37.0",
      "pname": "jujutsu",
      "rev": "bfc1b8a4574108ceef22f02bafcf6611380c100d",
      "rev_count": 935279,
      "rev_date": "2026-01-26T21:10:04Z",
      "scrape_date": "2026-01-29T06:06:42.623238Z",
      "stabilities": [
        "unstable"
      ],
      "unfree": false,
      "version": "0.37.0",
      "outputs_to_install": [
        "out"
      ],
      "outputs": {
        "out": "/nix/store/c8fzfmb1iq568i9v3pzzwmdg3x0hcchq-jujutsu-0.37.0"
      },
      "system": "x86_64-linux",
      "group": "toplevel",
      "priority": 5
    },
    {
      "attr_path": "python3",
      "broken": false,
      "derivation": "/nix/store/2f9f2hcw24ncf86i63v9apf9s0k2fgyz-python3-3.13.11.drv",
      "description": "High-level dynamically-typed programming language",
      "install_id": "python3",
      "license": "Python-2.0",
      "locked_url": "https://github.com/flox/nixpkgs?rev=bfc1b8a4574108ceef22f02bafcf6611380c100d",
      "name": "python3-3.13.11",
      "pname": "python3",
      "rev": "bfc1b8a4574108ceef22f02bafcf6611380c100d",
      "rev_count": 935279,
      "rev_date": "2026-01-26T21:10:04Z",
      "scrape_date": "2026-01-29T04:36:03.072894Z",
      "stabilities": [
        "unstable"
      ],
      "unfree": false,
      "version": "3.13.11",
      "outputs_to_install": [
        "out"
      ],
      "outputs": {
        "out": "/nix/store/qzgxkh5rnlswnj5ywhag0djwvn83kr3r-python3-3.13.11"
      },
      "system": "aarch64-darwin",
      "group": "toplevel",
      "priority": 5
    },
    {
      "attr_path": "python3",
      "broken": false,
      "derivation": "/nix/store/cadmaxzh2h1i0id6zfa5zq0mjpr9qqda-python3-3.13.11.drv",
      "description": "High-level dynamically-typed programming language",
      "install_id": "python3",
      "license": "Python-2.0",
      "locked_url": "https://github.com/flox/nixpkgs?rev=bfc1b8a4574108ceef22f02bafcf6611380c100d",
      "name": "python3-3.13.11",
      "pname": "python3",
      "rev": "bfc1b8a4574108ceef22f02bafcf6611380c100d",
      "rev_count": 935279,
      "rev_date": "2026-01-26T21:10:04Z",
      "scrape_date": "2026-01-29T05:06:06.143550Z",
      "stabilities": [
        "unstable"
      ],
      "unfree": false,
      "version": "3.13.11",
      "outputs_to_install": [
        "out",
        "out"
      ],
      "outputs": {
        "debug": "/nix/store/bzb0vriv1a1kaz9zv6lzv62zkcvvm88r-python3-3.13.11-debug",
        "out": "/nix/store/ygzfhw5nxrn7qqfqmz2s9p6cikcjqqkh-python3-3.13.11"
      },
      "system": "aarch64-linux",
      "group": "toplevel",
      "priority": 5
    },
    {
      "attr_path": "python3",
      "broken": false,
      "derivation": "/nix/store/dk525f5vnsqf4c5m90rhm2hazww34xmx-python3-3.13.11.drv",
      "description": "High-level dynamically-typed programming language",
      "install_id": "python3",
      "license": "Python-2.0",
      "locked_url": "https://github.com/flox/nixpkgs?rev=bfc1b8a4574108ceef22f02bafcf6611380c100d",
      "name": "python3-3.13.11",
      "pname": "python3",
      "rev": "bfc1b8a4574108ceef22f02bafcf6611380c100d",
      "rev_count": 935279,
      "rev_date": "2026-01-26T21:10:04Z",
      "scrape_date": "2026-01-29T05:33:46.285210Z",
      "stabilities": [
        "unstable"
      ],
      "unfree": false,
      "version": "3.13.11",
      "outputs_to_install": [
        "out"
      ],
      "outputs": {
        "out": "/nix/store/5wy2gaa1kaskq3j63zwl1jw6a0ffllx5-python3-3.13.11"
      },
      "system": "x86_64-darwin",
      "group": "toplevel",
      "priority": 5
    },
    {
      "attr_path": "python3",
      "broken": false,
      "derivation": "/nix/store/bmlsz2bfdg16dr10k8rm3hmkq09h06nr-python3-3.13.11.drv",
      "description": "High-level dynamically-typed programming language",
      "install_id": "python3",
      "license": "Python-2.0",
      "locked_url": "https://github.com/flox/nixpkgs?rev=bfc1b8a4574108ceef22f02bafcf6611380c100d",
      "name": "python3-3.13.11",
      "pname": "python3",
      "rev": "bfc1b8a4574108ceef22f02bafcf6611380c100d",
      "rev_count": 935279,
      "rev_date": "2026-01-26T21:10:04Z",
      "scrape_date": "2026-01-29T06:07:21.158024Z",
      "stabilities": [
        "unstable"
      ],
      "unfree": false,
      "version": "3.13.11",
      "outputs_to_install": [
        "out",
        "out"
      ],
      "outputs": {
        "debug": "/nix/store/gvhg8py0jr9v83ysqb86rr2s1yidppca-python3-3.13.11-debug",
        "out": "/nix/store/slhpx9glq7vl99bwi93bgrhn3syv98s1-python3-3.13.11"
      },
      "system": "x86_64-linux",
      "group": "toplevel",
      "priority": 5
    }
  ]
}
